
Microsoft Visual Studio Solution File, Format Version 12.00
# Visual Studio Version 17
VisualStudioVersion = 17.11.35312.102
MinimumVisualStudioVersion = 10.0.40219.1
Project("{FAE04EC0-301F-11D3-BF4B-00C04F79EFBC}") = "Lab1", "Lab1\Lab1.csproj", "{963AB0BF-212E-444C-AE45-D9D2929F0CB5}"
EndProject
Global
	GlobalSection(SolutionConfigurationPlatforms) = preSolution
		Debug|Any CPU = Debug|Any CPU
		Release|Any CPU = Release|Any CPU
	EndGlobalSection
	GlobalSection(ProjectConfigurationPlatforms) = postSolution
		{963AB0BF-212E-444C-AE45-D9D2929F0CB5}.Debug|Any CPU.ActiveCfg = Debug|Any CPU
		{963AB0BF-212E-444C-AE45-D9D2929F0CB5}.Debug|Any CPU.Build.0 = Debug|Any CPU
		{963AB0BF-212E-444C-AE45-D9D2929F0CB5}.Release|Any CPU.ActiveCfg = Release|Any CPU
		{963AB0BF-212E-444C-AE45-D9D2929F0CB5}.Release|Any CPU.Build.0 = Release|Any CPU
	EndGlobalSection
	GlobalSection(SolutionProperties) = preSolution
		HideSolutionNode = FALSE
	EndGlobalSection
	GlobalSection(ExtensibilityGlobals) = postSolution
		SolutionGuid = {B851DDAC-F747-476C-931E-A3AE476E5054}
	EndGlobalSection
EndGlobal
